
Microsoft Visual Studio Solution File, Format Version 10.00
# Visual C# Express 2008
Project("{FAE04EC0-301F-11D3-BF4B-00C04F79EFBC}") = "ImagineCup", "ImagineCup.csproj", "{700BF4F4-66C5-49D0-84F8-0C4A6BB4F4FD}"
EndProject
Global
	GlobalSection(SolutionConfigurationPlatforms) = preSolution
		Debug|Any CPU = Debug|Any CPU
		Debug|Mixed Platforms = Debug|Mixed Platforms
		Debug|x86 = Debug|x86
		Release|Any CPU = Release|Any CPU
		Release|Mixed Platforms = Release|Mixed Platforms
		Release|x86 = Release|x86
	EndGlobalSection
	GlobalSection(ProjectConfigurationPlatforms) = postSolution
		{700BF4F4-66C5-49D0-84F8-0C4A6BB4F4FD}.Debug|Any CPU.ActiveCfg = Debug|x86
		{700BF4F4-66C5-49D0-84F8-0C4A6BB4F4FD}.Debug|Mixed Platforms.ActiveCfg = Debug|x86
		{700BF4F4-66C5-49D0-84F8-0C4A6BB4F4FD}.Debug|Mixed Platforms.Build.0 = Debug|x86
		{700BF4F4-66C5-49D0-84F8-0C4A6BB4F4FD}.Debug|x86.ActiveCfg = Debug|x86
		{700BF4F4-66C5-49D0-84F8-0C4A6BB4F4FD}.Debug|x86.Build.0 = Debug|x86
		{700BF4F4-66C5-49D0-84F8-0C4A6BB4F4FD}.Release|Any CPU.ActiveCfg = Release|x86
		{700BF4F4-66C5-49D0-84F8-0C4A6BB4F4FD}.Release|Mixed Platforms.ActiveCfg = Release|x86
		{700BF4F4-66C5-49D0-84F8-0C4A6BB4F4FD}.Release|Mixed Platforms.Build.0 = Release|x86
		{700BF4F4-66C5-49D0-84F8-0C4A6BB4F4FD}.Release|x86.ActiveCfg = Release|x86
		{700BF4F4-66C5-49D0-84F8-0C4A6BB4F4FD}.Release|x86.Build.0 = Release|x86
		{9B496B27-16C7-4BCD-AE95-762CD3B91E50}.Debug|Any CPU.ActiveCfg = Debug|x86
		{9B496B27-16C7-4BCD-AE95-762CD3B91E50}.Debug|Mixed Platforms.ActiveCfg = Debug|x86
		{9B496B27-16C7-4BCD-AE95-762CD3B91E50}.Debug|x86.ActiveCfg = Debug|x86
		{9B496B27-16C7-4BCD-AE95-762CD3B91E50}.Release|Any CPU.ActiveCfg = Release|x86
		{9B496B27-16C7-4BCD-AE95-762CD3B91E50}.Release|Mixed Platforms.ActiveCfg = Release|x86
		{9B496B27-16C7-4BCD-AE95-762CD3B91E50}.Release|x86.ActiveCfg = Release|x86
		{03C5065C-F873-4120-A92C-B63BD51E9D73}.Debug|Any CPU.ActiveCfg = Debug|x86
		{03C5065C-F873-4120-A92C-B63BD51E9D73}.Debug|Mixed Platforms.ActiveCfg = Debug|x86
		{03C5065C-F873-4120-A92C-B63BD51E9D73}.Debug|x86.ActiveCfg = Debug|x86
		{03C5065C-F873-4120-A92C-B63BD51E9D73}.Release|Any CPU.ActiveCfg = Release|x86
		{03C5065C-F873-4120-A92C-B63BD51E9D73}.Release|Mixed Platforms.ActiveCfg = Release|x86
		{03C5065C-F873-4120-A92C-B63BD51E9D73}.Release|x86.ActiveCfg = Release|x86
	EndGlobalSection
	GlobalSection(SolutionProperties) = preSolution
		HideSolutionNode = FALSE
	EndGlobalSection
EndGlobal
